// !$*UTF8*$!
{
	archiveVersion = 1;
	classes = {
	};
	objectVersion = 56;
	objects = {

/* Begin PBXBuildFile section */
		91BFF8202940894600EC3501 /* AppDelegate.swift in Sources */ = {isa = PBXBuildFile; fileRef = 91BFF81F2940894600EC3501 /* AppDelegate.swift */; };
		91BFF8222940894600EC3501 /* SceneDelegate.swift in Sources */ = {isa = PBXBuildFile; fileRef = 91BFF8212940894600EC3501 /* SceneDelegate.swift */; };
		91BFF8242940894600EC3501 /* ViewController.swift in Sources */ = {isa = PBXBuildFile; fileRef = 91BFF8232940894600EC3501 /* ViewController.swift */; };
		91BFF8272940894600EC3501 /* Main.storyboard in Resources */ = {isa = PBXBuildFile; fileRef = 91BFF8252940894600EC3501 /* Main.storyboard */; };
		91BFF8292940894900EC3501 /* Assets.xcassets in Resources */ = {isa = PBXBuildFile; fileRef = 91BFF8282940894900EC3501 /* Assets.xcassets */; };
		91BFF82C2940894900EC3501 /* LaunchScreen.storyboard in Resources */ = {isa = PBXBuildFile; fileRef = 91BFF82A2940894900EC3501 /* LaunchScreen.storyboard */; };
		91BFF8372940894A00EC3501 /* BlazrTests.swift in Sources */ = {isa = PBXBuildFile; fileRef = 91BFF8362940894A00EC3501 /* BlazrTests.swift */; };
		91BFF8412940894A00EC3501 /* BlazrUITests.swift in Sources */ = {isa = PBXBuildFile; fileRef = 91BFF8402940894A00EC3501 /* BlazrUITests.swift */; };
		91BFF8432940894A00EC3501 /* BlazrUITestsLaunchTests.swift in Sources */ = {isa = PBXBuildFile; fileRef = 91BFF8422940894A00EC3501 /* BlazrUITestsLaunchTests.swift */; };
/* End PBXBuildFile section */

/* Begin PBXContainerItemProxy section */
		91BFF8332940894A00EC3501 /* PBXContainerItemProxy */ = {
			isa = PBXContainerItemProxy;
			containerPortal = 91BFF8142940894500EC3501 /* Project object */;
			proxyType = 1;
			remoteGlobalIDString = 91BFF81B2940894600EC3501;
			remoteInfo = Blazr;
		};
		91BFF83D2940894A00EC3501 /* PBXContainerItemProxy */ = {
			isa = PBXContainerItemProxy;
			containerPortal = 91BFF8142940894500EC3501 /* Project object */;
			proxyType = 1;
			remoteGlobalIDString = 91BFF81B2940894600EC3501;
			remoteInfo = Blazr;
		};
/* End PBXContainerItemProxy section */

/* Begin PBXFileReference section */
		91BFF81C2940894600EC3501 /* Blazr.app */ = {isa = PBXFileReference; explicitFileType = wrapper.application; includeInIndex = 0; path = Blazr.app; sourceTree = BUILT_PRODUCTS_DIR; };
		91BFF81F2940894600EC3501 /* AppDelegate.swift */ = {isa = PBXFileReference; lastKnownFileType = sourcecode.swift; path = AppDelegate.swift; sourceTree = "<group>"; };
		91BFF8212940894600EC3501 /* SceneDelegate.swift */ = {isa = PBXFileReference; lastKnownFileType = sourcecode.swift; path = SceneDelegate.swift; sourceTree = "<group>"; };
		91BFF8232940894600EC3501 /* ViewController.swift */ = {isa = PBXFileReference; lastKnownFileType = sourcecode.swift; path = ViewController.swift; sourceTree = "<group>"; };
		91BFF8262940894600EC3501 /* Base */ = {isa = PBXFileReference; lastKnownFileType = file.storyboard; name = Base; path = Base.lproj/Main.storyboard; sourceTree = "<group>"; };
		91BFF8282940894900EC3501 /* Assets.xcassets */ = {isa = PBXFileReference; lastKnownFileType = folder.assetcatalog; path = Assets.xcassets; sourceTree = "<group>"; };
		91BFF82B2940894900EC3501 /* Base */ = {isa = PBXFileReference; lastKnownFileType = file.storyboard; name = Base; path = Base.lproj/LaunchScreen.storyboard; sourceTree = "<group>"; };
		91BFF82D2940894900EC3501 /* Info.plist */ = {isa = PBXFileReference; lastKnownFileType = text.plist.xml; path = Info.plist; sourceTree = "<group>"; };
		91BFF8322940894A00EC3501 /* BlazrTests.xctest */ = {isa = PBXFileReference; explicitFileType = wrapper.cfbundle; includeInIndex = 0; path = BlazrTests.xctest; sourceTree = BUILT_PRODUCTS_DIR; };
		91BFF8362940894A00EC3501 /* BlazrTests.swift */ = {isa = PBXFileReference; lastKnownFileType = sourcecode.swift; path = BlazrTests.swift; sourceTree = "<group>"; };
		91BFF83C2940894A00EC3501 /* BlazrUITests.xctest */ = {isa = PBXFileReference; explicitFileType = wrapper.cfbundle; includeInIndex = 0; path = BlazrUITests.xctest; sourceTree = BUILT_PRODUCTS_DIR; };
		91BFF8402940894A00EC3501 /* BlazrUITests.swift */ = {isa = PBXFileReference; lastKnownFileType = sourcecode.swift; path = BlazrUITests.swift; sourceTree = "<group>"; };
		91BFF8422940894A00EC3501 /* BlazrUITestsLaunchTests.swift */ = {isa = PBXFileReference; lastKnownFileType = sourcecode.swift; path = BlazrUITestsLaunchTests.swift; sourceTree = "<group>"; };
/* End PBXFileReference section */

/* Begin PBXFrameworksBuildPhase section */
		91BFF8192940894600EC3501 /* Frameworks */ = {
			isa = PBXFrameworksBuildPhase;
			buildActionMask = 2147483647;
			files = (
			);
			runOnlyForDeploymentPostprocessing = 0;
		};
		91BFF82F2940894A00EC3501 /* Frameworks */ = {
			isa = PBXFrameworksBuildPhase;
			buildActionMask = 2147483647;
			files = (
			);
			runOnlyForDeploymentPostprocessing = 0;
		};
		91BFF8392940894A00EC3501 /* Frameworks */ = {
			isa = PBXFrameworksBuildPhase;
			buildActionMask = 2147483647;
			files = (
			);
			runOnlyForDeploymentPostprocessing = 0;
		};
/* End PBXFrameworksBuildPhase section */

/* Begin PBXGroup section */
		91BFF8132940894500EC3501 = {
			isa = PBXGroup;
			children = (
				91BFF81E2940894600EC3501 /* Blazr */,
				91BFF8352940894A00EC3501 /* BlazrTests */,
				91BFF83F2940894A00EC3501 /* BlazrUITests */,
				91BFF81D2940894600EC3501 /* Products */,
			);
			sourceTree = "<group>";
		};
		91BFF81D2940894600EC3501 /* Products */ = {
			isa = PBXGroup;
			children = (
				91BFF81C2940894600EC3501 /* Blazr.app */,
				91BFF8322940894A00EC3501 /* BlazrTests.xctest */,
				91BFF83C2940894A00EC3501 /* BlazrUITests.xctest */,
			);
			name = Products;
			sourceTree = "<group>";
		};
		91BFF81E2940894600EC3501 /* Blazr */ = {
			isa = PBXGroup;
			children = (
				91BFF81F2940894600EC3501 /* AppDelegate.swift */,
				91BFF8212940894600EC3501 /* SceneDelegate.swift */,
				91BFF8232940894600EC3501 /* ViewController.swift */,
				91BFF8252940894600EC3501 /* Main.storyboard */,
				91BFF8282940894900EC3501 /* Assets.xcassets */,
				91BFF82A2940894900EC3501 /* LaunchScreen.storyboard */,
				91BFF82D2940894900EC3501 /* Info.plist */,
			);
			path = Blazr;
			sourceTree = "<group>";
		};
		91BFF8352940894A00EC3501 /* BlazrTests */ = {
			isa = PBXGroup;
			children = (
				91BFF8362940894A00EC3501 /* BlazrTests.swift */,
			);
			path = BlazrTests;
			sourceTree = "<group>";
		};
		91BFF83F2940894A00EC3501 /* BlazrUITests */ = {
			isa = PBXGroup;
			children = (
				91BFF8402940894A00EC3501 /* BlazrUITests.swift */,
				91BFF8422940894A00EC3501 /* BlazrUITestsLaunchTests.swift */,
			);
			path = BlazrUITests;
			sourceTree = "<group>";
		};
/* End PBXGroup section */

/* Begin PBXNativeTarget section */
		91BFF81B2940894600EC3501 /* Blazr */ = {
			isa = PBXNativeTarget;
			buildConfigurationList = 91BFF8462940894A00EC3501 /* Build configuration list for PBXNativeTarget "Blazr" */;
			buildPhases = (
				91BFF8182940894600EC3501 /* Sources */,
				91BFF8192940894600EC3501 /* Frameworks */,
				91BFF81A2940894600EC3501 /* Resources */,
			);
			buildRules = (
			);
			dependencies = (
			);
			name = Blazr;
			productName = Blazr;
			productReference = 91BFF81C2940894600EC3501 /* Blazr.app */;
			productType = "com.apple.product-type.application";
		};
		91BFF8312940894A00EC3501 /* BlazrTests */ = {
			isa = PBXNativeTarget;
			buildConfigurationList = 91BFF8492940894A00EC3501 /* Build configuration list for PBXNativeTarget "BlazrTests" */;
			buildPhases = (
				91BFF82E2940894A00EC3501 /* Sources */,
				91BFF82F2940894A00EC3501 /* Frameworks */,
				91BFF8302940894A00EC3501 /* Resources */,
			);
			buildRules = (
			);
			dependencies = (
				91BFF8342940894A00EC3501 /* PBXTargetDependency */,
			);
			name = BlazrTests;
			productName = BlazrTests;
			productReference = 91BFF8322940894A00EC3501 /* BlazrTests.xctest */;
			productType = "com.apple.product-type.bundle.unit-test";
		};
		91BFF83B2940894A00EC3501 /* BlazrUITests */ = {
			isa = PBXNativeTarget;
			buildConfigurationList = 91BFF84C2940894A00EC3501 /* Build configuration list for PBXNativeTarget "BlazrUITests" */;
			buildPhases = (
				91BFF8382940894A00EC3501 /* Sources */,
				91BFF8392940894A00EC3501 /* Frameworks */,
				91BFF83A2940894A00EC3501 /* Resources */,
			);
			buildRules = (
			);
			dependencies = (
				91BFF83E2940894A00EC3501 /* PBXTargetDependency */,
			);
			name = BlazrUITests;
			productName = BlazrUITests;
			productReference = 91BFF83C2940894A00EC3501 /* BlazrUITests.xctest */;
			productType = "com.apple.product-type.bundle.ui-testing";
		};
/* End PBXNativeTarget section */

/* Begin PBXProject section */
		91BFF8142940894500EC3501 /* Project object */ = {
			isa = PBXProject;
			attributes = {
				BuildIndependentTargetsInParallel = 1;
				LastSwiftUpdateCheck = 1400;
				LastUpgradeCheck = 1400;
				TargetAttributes = {
					91BFF81B2940894600EC3501 = {
						CreatedOnToolsVersion = 14.0.1;
					};
					91BFF8312940894A00EC3501 = {
						CreatedOnToolsVersion = 14.0.1;
						TestTargetID = 91BFF81B2940894600EC3501;
					};
					91BFF83B2940894A00EC3501 = {
						CreatedOnToolsVersion = 14.0.1;
						TestTargetID = 91BFF81B2940894600EC3501;
					};
				};
			};
			buildConfigurationList = 91BFF8172940894500EC3501 /* Build configuration list for PBXProject "Blazr" */;
			compatibilityVersion = "Xcode 14.0";
			developmentRegion = en;
			hasScannedForEncodings = 0;
			knownRegions = (
				en,
				Base,
			);
			mainGroup = 91BFF8132940894500EC3501;
			productRefGroup = 91BFF81D2940894600EC3501 /* Products */;
			projectDirPath = "";
			projectRoot = "";
			targets = (
				91BFF81B2940894600EC3501 /* Blazr */,
				91BFF8312940894A00EC3501 /* BlazrTests */,
				91BFF83B2940894A00EC3501 /* BlazrUITests */,
			);
		};
/* End PBXProject section */

/* Begin PBXResourcesBuildPhase section */
		91BFF81A2940894600EC3501 /* Resources */ = {
			isa = PBXResourcesBuildPhase;
			buildActionMask = 2147483647;
			files = (
				91BFF82C2940894900EC3501 /* LaunchScreen.storyboard in Resources */,
				91BFF8292940894900EC3501 /* Assets.xcassets in Resources */,
				91BFF8272940894600EC3501 /* Main.storyboard in Resources */,
			);
			runOnlyForDeploymentPostprocessing = 0;
		};
		91BFF8302940894A00EC3501 /* Resources */ = {
			isa = PBXResourcesBuildPhase;
			buildActionMask = 2147483647;
			files = (
			);
			runOnlyForDeploymentPostprocessing = 0;
		};
		91BFF83A2940894A00EC3501 /* Resources */ = {
			isa = PBXResourcesBuildPhase;
			buildActionMask = 2147483647;
			files = (
			);
			runOnlyForDeploymentPostprocessing = 0;
		};
/* End PBXResourcesBuildPhase section */

/* Begin PBXSourcesBuildPhase section */
		91BFF8182940894600EC3501 /* Sources */ = {
			isa = PBXSourcesBuildPhase;
			buildActionMask = 2147483647;
			files = (
				91BFF8242940894600EC3501 /* ViewController.swift in Sources */,
				91BFF8202940894600EC3501 /* AppDelegate.swift in Sources */,
				91BFF8222940894600EC3501 /* SceneDelegate.swift in Sources */,
			);
			runOnlyForDeploymentPostprocessing = 0;
		};
		91BFF82E2940894A00EC3501 /* Sources */ = {
			isa = PBXSourcesBuildPhase;
			buildActionMask = 2147483647;
			files = (
				91BFF8372940894A00EC3501 /* BlazrTests.swift in Sources */,
			);
			runOnlyForDeploymentPostprocessing = 0;
		};
		91BFF8382940894A00EC3501 /* Sources */ = {
			isa = PBXSourcesBuildPhase;
			buildActionMask = 2147483647;
			files = (
				91BFF8432940894A00EC3501 /* BlazrUITestsLaunchTests.swift in Sources */,
				91BFF8412940894A00EC3501 /* BlazrUITests.swift in Sources */,
			);
			runOnlyForDeploymentPostprocessing = 0;
		};
/* End PBXSourcesBuildPhase section */

/* Begin PBXTargetDependency section */
		91BFF8342940894A00EC3501 /* PBXTargetDependency */ = {
			isa = PBXTargetDependency;
			target = 91BFF81B2940894600EC3501 /* Blazr */;
			targetProxy = 91BFF8332940894A00EC3501 /* PBXContainerItemProxy */;
		};
		91BFF83E2940894A00EC3501 /* PBXTargetDependency */ = {
			isa = PBXTargetDependency;
			target = 91BFF81B2940894600EC3501 /* Blazr */;
			targetProxy = 91BFF83D2940894A00EC3501 /* PBXContainerItemProxy */;
		};
/* End PBXTargetDependency section */

/* Begin PBXVariantGroup section */
		91BFF8252940894600EC3501 /* Main.storyboard */ = {
			isa = PBXVariantGroup;
			children = (
				91BFF8262940894600EC3501 /* Base */,
			);
			name = Main.storyboard;
			sourceTree = "<group>";
		};
		91BFF82A2940894900EC3501 /* LaunchScreen.storyboard */ = {
			isa = PBXVariantGroup;
			children = (
				91BFF82B2940894900EC3501 /* Base */,
			);
			name = LaunchScreen.storyboard;
			sourceTree = "<group>";
		};
/* End PBXVariantGroup section */

/* Begin XCBuildConfiguration section */
		91BFF8442940894A00EC3501 /* Debug */ = {
			isa = XCBuildConfiguration;
			buildSettings = {
				ALWAYS_SEARCH_USER_PATHS = NO;
				CLANG_ANALYZER_NONNULL = YES;
				CLANG_ANALYZER_NUMBER_OBJECT_CONVERSION = YES_AGGRESSIVE;
				CLANG_CXX_LANGUAGE_STANDARD = "gnu++20";
				CLANG_ENABLE_MODULES = YES;
				CLANG_ENABLE_OBJC_ARC = YES;
				CLANG_ENABLE_OBJC_WEAK = YES;
				CLANG_WARN_BLOCK_CAPTURE_AUTORELEASING = YES;
				CLANG_WARN_BOOL_CONVERSION = YES;
				CLANG_WARN_COMMA = YES;
				CLANG_WARN_CONSTANT_CONVERSION = YES;
				CLANG_WARN_DEPRECATED_OBJC_IMPLEMENTATIONS = YES;
				CLANG_WARN_DIRECT_OBJC_ISA_USAGE = YES_ERROR;
				CLANG_WARN_DOCUMENTATION_COMMENTS = YES;
				CLANG_WARN_EMPTY_BODY = YES;
				CLANG_WARN_ENUM_CONVERSION = YES;
				CLANG_WARN_INFINITE_RECURSION = YES;
				CLANG_WARN_INT_CONVERSION = YES;
				CLANG_WARN_NON_LITERAL_NULL_CONVERSION = YES;
				CLANG_WARN_OBJC_IMPLICIT_RETAIN_SELF = YES;
				CLANG_WARN_OBJC_LITERAL_CONVERSION = YES;
				CLANG_WARN_OBJC_ROOT_CLASS = YES_ERROR;
				CLANG_WARN_QUOTED_INCLUDE_IN_FRAMEWORK_HEADER = YES;
				CLANG_WARN_RANGE_LOOP_ANALYSIS = YES;
				CLANG_WARN_STRICT_PROTOTYPES = YES;
				CLANG_WARN_SUSPICIOUS_MOVE = YES;
				CLANG_WARN_UNGUARDED_AVAILABILITY = YES_AGGRESSIVE;
				CLANG_WARN_UNREACHABLE_CODE = YES;
				CLANG_WARN__DUPLICATE_METHOD_MATCH = YES;
				COPY_PHASE_STRIP = NO;
				DEBUG_INFORMATION_FORMAT = dwarf;
				ENABLE_STRICT_OBJC_MSGSEND = YES;
				ENABLE_TESTABILITY = YES;
				GCC_C_LANGUAGE_STANDARD = gnu11;
				GCC_DYNAMIC_NO_PIC = NO;
				GCC_NO_COMMON_BLOCKS = YES;
				GCC_OPTIMIZATION_LEVEL = 0;
				GCC_PREPROCESSOR_DEFINITIONS = (
					"DEBUG=1",
					"$(inherited)",
				);
				GCC_WARN_64_TO_32_BIT_CONVERSION = YES;
				GCC_WARN_ABOUT_RETURN_TYPE = YES_ERROR;
				GCC_WARN_UNDECLARED_SELECTOR = YES;
				GCC_WARN_UNINITIALIZED_AUTOS = YES_AGGRESSIVE;
				GCC_WARN_UNUSED_FUNCTION = YES;
				GCC_WARN_UNUSED_VARIABLE = YES;
				IPHONEOS_DEPLOYMENT_TARGET = 16.0;
				MTL_ENABLE_DEBUG_INFO = INCLUDE_SOURCE;
				MTL_FAST_MATH = YES;
				ONLY_ACTIVE_ARCH = YES;
				SDKROOT = iphoneos;
				SWIFT_ACTIVE_COMPILATION_CONDITIONS = DEBUG;
				SWIFT_OPTIMIZATION_LEVEL = "-Onone";
			};
			name = Debug;
		};
		91BFF8452940894A00EC3501 /* Release */ = {
			isa = XCBuildConfiguration;
			buildSettings = {
				ALWAYS_SEARCH_USER_PATHS = NO;
				CLANG_ANALYZER_NONNULL = YES;
				CLANG_ANALYZER_NUMBER_OBJECT_CONVERSION = YES_AGGRESSIVE;
				CLANG_CXX_LANGUAGE_STANDARD = "gnu++20";
				CLANG_ENABLE_MODULES = YES;
				CLANG_ENABLE_OBJC_ARC = YES;
				CLANG_ENABLE_OBJC_WEAK = YES;
				CLANG_WARN_BLOCK_CAPTURE_AUTORELEASING = YES;
				CLANG_WARN_BOOL_CONVERSION = YES;
				CLANG_WARN_COMMA = YES;
				CLANG_WARN_CONSTANT_CONVERSION = YES;
				CLANG_WARN_DEPRECATED_OBJC_IMPLEMENTATIONS = YES;
				CLANG_WARN_DIRECT_OBJC_ISA_USAGE = YES_ERROR;
				CLANG_WARN_DOCUMENTATION_COMMENTS = YES;
				CLANG_WARN_EMPTY_BODY = YES;
				CLANG_WARN_ENUM_CONVERSION = YES;
				CLANG_WARN_INFINITE_RECURSION = YES;
				CLANG_WARN_INT_CONVERSION = YES;
				CLANG_WARN_NON_LITERAL_NULL_CONVERSION = YES;
				CLANG_WARN_OBJC_IMPLICIT_RETAIN_SELF = YES;
				CLANG_WARN_OBJC_LITERAL_CONVERSION = YES;
				CLANG_WARN_OBJC_ROOT_CLASS = YES_ERROR;
				CLANG_WARN_QUOTED_INCLUDE_IN_FRAMEWORK_HEADER = YES;
				CLANG_WARN_RANGE_LOOP_ANALYSIS = YES;
				CLANG_WARN_STRICT_PROTOTYPES = YES;
				CLANG_WARN_SUSPICIOUS_MOVE = YES;
				CLANG_WARN_UNGUARDED_AVAILABILITY = YES_AGGRESSIVE;
				CLANG_WARN_UNREACHABLE_CODE = YES;
				CLANG_WARN__DUPLICATE_METHOD_MATCH = YES;
				COPY_PHASE_STRIP = NO;
				DEBUG_INFORMATION_FORMAT = "dwarf-with-dsym";
				ENABLE_NS_ASSERTIONS = NO;
				ENABLE_STRICT_OBJC_MSGSEND = YES;
				GCC_C_LANGUAGE_STANDARD = gnu11;
				GCC_NO_COMMON_BLOCKS = YES;
				GCC_WARN_64_TO_32_BIT_CONVERSION = YES;
				GCC_WARN_ABOUT_RETURN_TYPE = YES_ERROR;
				GCC_WARN_UNDECLARED_SELECTOR = YES;
				GCC_WARN_UNINITIALIZED_AUTOS = YES_AGGRESSIVE;
				GCC_WARN_UNUSED_FUNCTION = YES;
				GCC_WARN_UNUSED_VARIABLE = YES;
				IPHONEOS_DEPLOYMENT_TARGET = 16.0;
				MTL_ENABLE_DEBUG_INFO = NO;
				MTL_FAST_MATH = YES;
				SDKROOT = iphoneos;
				SWIFT_COMPILATION_MODE = wholemodule;
				SWIFT_OPTIMIZATION_LEVEL = "-O";
				VALIDATE_PRODUCT = YES;
			};
			name = Release;
		};
		91BFF8472940894A00EC3501 /* Debug */ = {
			isa = XCBuildConfiguration;
			buildSettings = {
				ASSETCATALOG_COMPILER_APPICON_NAME = AppIcon;
				ASSETCATALOG_COMPILER_GLOBAL_ACCENT_COLOR_NAME = AccentColor;
				CODE_SIGN_STYLE = Automatic;
				CURRENT_PROJECT_VERSION = 1;
				GENERATE_INFOPLIST_FILE = YES;
				INFOPLIST_FILE = Blazr/Info.plist;
				INFOPLIST_KEY_UIApplicationSupportsIndirectInputEvents = YES;
				INFOPLIST_KEY_UILaunchStoryboardName = LaunchScreen;
				INFOPLIST_KEY_UIMainStoryboardFile = Main;
				INFOPLIST_KEY_UISupportedInterfaceOrientations_iPad = "UIInterfaceOrientationPortrait UIInterfaceOrientationPortraitUpsideDown UIInterfaceOrientationLandscapeLeft UIInterfaceOrientationLandscapeRight";
				INFOPLIST_KEY_UISupportedInterfaceOrientations_iPhone = "UIInterfaceOrientationPortrait UIInterfaceOrientationLandscapeLeft UIInterfaceOrientationLandscapeRight";
				LD_RUNPATH_SEARCH_PATHS = (
					"$(inherited)",
					"@executable_path/Frameworks",
				);
				MARKETING_VERSION = 1.0;
				PRODUCT_BUNDLE_IDENTIFIER = com.Bones.Blazr;
				PRODUCT_NAME = "$(TARGET_NAME)";
				SWIFT_EMIT_LOC_STRINGS = YES;
				SWIFT_VERSION = 5.0;
				TARGETED_DEVICE_FAMILY = "1,2";
			};
			name = Debug;
		};
		91BFF8482940894A00EC3501 /* Release */ = {
			isa = XCBuildConfiguration;
			buildSettings = {
				ASSETCATALOG_COMPILER_APPICON_NAME = AppIcon;
				ASSETCATALOG_COMPILER_GLOBAL_ACCENT_COLOR_NAME = AccentColor;
				CODE_SIGN_STYLE = Automatic;
				CURRENT_PROJECT_VERSION = 1;
				GENERATE_INFOPLIST_FILE = YES;
				INFOPLIST_FILE = Blazr/Info.plist;
				INFOPLIST_KEY_UIApplicationSupportsIndirectInputEvents = YES;
				INFOPLIST_KEY_UILaunchStoryboardName = LaunchScreen;
				INFOPLIST_KEY_UIMainStoryboardFile = Main;
				INFOPLIST_KEY_UISupportedInterfaceOrientations_iPad = "UIInterfaceOrientationPortrait UIInterfaceOrientationPortraitUpsideDown UIInterfaceOrientationLandscapeLeft UIInterfaceOrientationLandscapeRight";
				INFOPLIST_KEY_UISupportedInterfaceOrientations_iPhone = "UIInterfaceOrientationPortrait UIInterfaceOrientationLandscapeLeft UIInterfaceOrientationLandscapeRight";
				LD_RUNPATH_SEARCH_PATHS = (
					"$(inherited)",
					"@executable_path/Frameworks",
				);
				MARKETING_VERSION = 1.0;
				PRODUCT_BUNDLE_IDENTIFIER = com.Bones.Blazr;
				PRODUCT_NAME = "$(TARGET_NAME)";
				SWIFT_EMIT_LOC_STRINGS = YES;
				SWIFT_VERSION = 5.0;
				TARGETED_DEVICE_FAMILY = "1,2";
			};
			name = Release;
		};
		91BFF84A2940894A00EC3501 /* Debug */ = {
			isa = XCBuildConfiguration;
			buildSettings = {
				ALWAYS_EMBED_SWIFT_STANDARD_LIBRARIES = YES;
				BUNDLE_LOADER = "$(TEST_HOST)";
				CODE_SIGN_STYLE = Automatic;
				CURRENT_PROJECT_VERSION = 1;
				GENERATE_INFOPLIST_FILE = YES;
				IPHONEOS_DEPLOYMENT_TARGET = 16.0;
				MARKETING_VERSION = 1.0;
				PRODUCT_BUNDLE_IDENTIFIER = com.Bones.BlazrTests;
				PRODUCT_NAME = "$(TARGET_NAME)";
				SWIFT_EMIT_LOC_STRINGS = NO;
				SWIFT_VERSION = 5.0;
				TARGETED_DEVICE_FAMILY = "1,2";
				TEST_HOST = "$(BUILT_PRODUCTS_DIR)/Blazr.app/$(BUNDLE_EXECUTABLE_FOLDER_PATH)/Blazr";
			};
			name = Debug;
		};
		91BFF84B2940894A00EC3501 /* Release */ = {
			isa = XCBuildConfiguration;
			buildSettings = {
				ALWAYS_EMBED_SWIFT_STANDARD_LIBRARIES = YES;
				BUNDLE_LOADER = "$(TEST_HOST)";
				CODE_SIGN_STYLE = Automatic;
				CURRENT_PROJECT_VERSION = 1;
				GENERATE_INFOPLIST_FILE = YES;
				IPHONEOS_DEPLOYMENT_TARGET = 16.0;
				MARKETING_VERSION = 1.0;
				PRODUCT_BUNDLE_IDENTIFIER = com.Bones.BlazrTests;
				PRODUCT_NAME = "$(TARGET_NAME)";
				SWIFT_EMIT_LOC_STRINGS = NO;
				SWIFT_VERSION = 5.0;
				TARGETED_DEVICE_FAMILY = "1,2";
				TEST_HOST = "$(BUILT_PRODUCTS_DIR)/Blazr.app/$(BUNDLE_EXECUTABLE_FOLDER_PATH)/Blazr";
			};
			name = Release;
		};
		91BFF84D2940894A00EC3501 /* Debug */ = {
			isa = XCBuildConfiguration;
			buildSettings = {
				ALWAYS_EMBED_SWIFT_STANDARD_LIBRARIES = YES;
				CODE_SIGN_STYLE = Automatic;
				CURRENT_PROJECT_VERSION = 1;
				GENERATE_INFOPLIST_FILE = YES;
				MARKETING_VERSION = 1.0;
				PRODUCT_BUNDLE_IDENTIFIER = com.Bones.BlazrUITests;
				PRODUCT_NAME = "$(TARGET_NAME)";
				SWIFT_EMIT_LOC_STRINGS = NO;
				SWIFT_VERSION = 5.0;
				TARGETED_DEVICE_FAMILY = "1,2";
				TEST_TARGET_NAME = Blazr;
			};
			name = Debug;
		};
		91BFF84E2940894A00EC3501 /* Release */ = {
			isa = XCBuildConfiguration;
			buildSettings = {
				ALWAYS_EMBED_SWIFT_STANDARD_LIBRARIES = YES;
				CODE_SIGN_STYLE = Automatic;
				CURRENT_PROJECT_VERSION = 1;
				GENERATE_INFOPLIST_FILE = YES;
				MARKETING_VERSION = 1.0;
				PRODUCT_BUNDLE_IDENTIFIER = com.Bones.BlazrUITests;
				PRODUCT_NAME = "$(TARGET_NAME)";
				SWIFT_EMIT_LOC_STRINGS = NO;
				SWIFT_VERSION = 5.0;
				TARGETED_DEVICE_FAMILY = "1,2";
				TEST_TARGET_NAME = Blazr;
			};
			name = Release;
		};
/* End XCBuildConfiguration section */

/* Begin XCConfigurationList section */
		91BFF8172940894500EC3501 /* Build configuration list for PBXProject "Blazr" */ = {
			isa = XCConfigurationList;
			buildConfigurations = (
				91BFF8442940894A00EC3501 /* Debug */,
				91BFF8452940894A00EC3501 /* Release */,
			);
			defaultConfigurationIsVisible = 0;
			defaultConfigurationName = Release;
		};
		91BFF8462940894A00EC3501 /* Build configuration list for PBXNativeTarget "Blazr" */ = {
			isa = XCConfigurationList;
			buildConfigurations = (
				91BFF8472940894A00EC3501 /* Debug */,
				91BFF8482940894A00EC3501 /* Release */,
			);
			defaultConfigurationIsVisible = 0;
			defaultConfigurationName = Release;
		};
		91BFF8492940894A00EC3501 /* Build configuration list for PBXNativeTarget "BlazrTests" */ = {
			isa = XCConfigurationList;
			buildConfigurations = (
				91BFF84A2940894A00EC3501 /* Debug */,
				91BFF84B2940894A00EC3501 /* Release */,
			);
			defaultConfigurationIsVisible = 0;
			defaultConfigurationName = Release;
		};
		91BFF84C2940894A00EC3501 /* Build configuration list for PBXNativeTarget "BlazrUITests" */ = {
			isa = XCConfigurationList;
			buildConfigurations = (
				91BFF84D2940894A00EC3501 /* Debug */,
				91BFF84E2940894A00EC3501 /* Release */,
			);
			defaultConfigurationIsVisible = 0;
			defaultConfigurationName = Release;
		};
/* End XCConfigurationList section */
	};
	rootObject = 91BFF8142940894500EC3501 /* Project object */;
}
